
Microsoft Visual Studio Solution File, Format Version 12.00
Project("{2150E333-8FDC-42A3-9474-1A3956D46DE8}") = "Domain", "Domain", "{98C17EB2-FB5A-47D5-8367-A59853801070}"
EndProject
Project("{FAE04EC0-301F-11D3-BF4B-00C04F79EFBC}") = "Itadakimasu", "Itadakimasu\Itadakimasu.csproj", "{C51D8A40-3705-4E10-BA32-0C0B3D57CA5C}"
EndProject
Project("{FAE04EC0-301F-11D3-BF4B-00C04F79EFBC}") = "Itadakimasu.Tests", "Itadakimasu.Tests\Itadakimasu.Tests.csproj", "{EBD07691-E730-49C4-8512-392633103069}"
EndProject
Project("{2150E333-8FDC-42A3-9474-1A3956D46DE8}") = "Itadakimasu", "Itadakimasu", "{A439F2FC-7F98-4482-9901-5963DDF9A7C5}"
EndProject
Project("{2150E333-8FDC-42A3-9474-1A3956D46DE8}") = "API", "API", "{0D4ECDC1-4073-4643-830B-F80608E7E283}"
EndProject
Project("{2150E333-8FDC-42A3-9474-1A3956D46DE8}") = "Clients", "Clients", "{E188CF4A-086F-4614-BC24-AE4FADF73720}"
EndProject
Project("{FAE04EC0-301F-11D3-BF4B-00C04F79EFBC}") = "Itadakimasu.TelegramBot", "Itadakimasu.TelegramBot\Itadakimasu.TelegramBot.csproj", "{F4DEE727-6372-4DF6-B138-A711DEA0152F}"
EndProject
Project("{2150E333-8FDC-42A3-9474-1A3956D46DE8}") = "Order", "Order", "{D1BC2542-33EB-4140-BE00-F03F49ED8302}"
EndProject
Project("{2150E333-8FDC-42A3-9474-1A3956D46DE8}") = "Products", "Products", "{3D2E9B35-0017-413F-81CC-F3D53D86F9A4}"
EndProject
Project("{2150E333-8FDC-42A3-9474-1A3956D46DE8}") = "Templates", "Templates", "{ED2AD933-D0BB-463C-99DF-96F1E446861A}"
	ProjectSection(SolutionItems) = preProject
		Templates\README.md = Templates\README.md
	EndProjectSection
EndProject
Project("{FAE04EC0-301F-11D3-BF4B-00C04F79EFBC}") = "GrpcService.Server", "Templates\GrpcService.Server\GrpcService.Server.csproj", "{AABA5FEE-0488-4700-9DB8-C18617D29FAB}"
EndProject
Project("{FAE04EC0-301F-11D3-BF4B-00C04F79EFBC}") = "GrpcService.Shared", "Templates\GrpcService.Shared\GrpcService.Shared.csproj", "{FD8D97C0-711D-465C-9AA3-97A7A699771C}"
EndProject
Project("{FAE04EC0-301F-11D3-BF4B-00C04F79EFBC}") = "GrpcService.Tests", "Templates\GrpcService.Tests\GrpcService.Tests.csproj", "{C0ECD71F-BB14-4A73-A11A-73B4F7279E0E}"
EndProject
Project("{FAE04EC0-301F-11D3-BF4B-00C04F79EFBC}") = "Itadakimasu.API.Order", "Itadakimasu.API.Order\Itadakimasu.API.Order.csproj", "{FA229B16-7A6D-41C4-A5C1-E5F1CC326799}"
EndProject
Project("{FAE04EC0-301F-11D3-BF4B-00C04F79EFBC}") = "Itadakimasu.Order.Shared", "Itadakimasu.Order.Shared\Itadakimasu.Order.Shared.csproj", "{A6138CEF-0F0D-4D6A-82E2-1B03C64A1D23}"
EndProject
Project("{FAE04EC0-301F-11D3-BF4B-00C04F79EFBC}") = "Itadakimasu.Order.Tests", "Itadakimasu.Order.Tests\Itadakimasu.Order.Tests.csproj", "{BE443D73-2D1B-4E4C-817F-267F3574CE9E}"
EndProject
Project("{FAE04EC0-301F-11D3-BF4B-00C04F79EFBC}") = "Itadakimasu.API.Products", "Itadakimasu.API.Products\Itadakimasu.API.Products.csproj", "{0F742C4C-83C3-4DF2-B353-E54769F37B01}"
EndProject
Project("{FAE04EC0-301F-11D3-BF4B-00C04F79EFBC}") = "Itadakimasu.Products.Tests", "Itadakimasu.Products.Tests\Itadakimasu.Products.Tests.csproj", "{E9A13E43-0D39-4DE4-8B36-F8A011CDB3CE}"
EndProject
Project("{FAE04EC0-301F-11D3-BF4B-00C04F79EFBC}") = "Itadakimasu.Products.Migrations", "Itadakimasu.Products.Migrations\Itadakimasu.Products.Migrations.csproj", "{23618EF2-34E4-475F-B0E2-24CCBEDF0354}"
EndProject
Project("{FAE04EC0-301F-11D3-BF4B-00C04F79EFBC}") = "Itadakimasu.Products.DAL", "Itadakimasu.Products.DAL\Itadakimasu.Products.DAL.csproj", "{3F4DD7AB-5583-47C8-AA3B-8B4B90E9BF4B}"
EndProject
Project("{2150E333-8FDC-42A3-9474-1A3956D46DE8}") = "Core", "Core", "{ABDE7931-1C9D-41E0-9BDB-B3105267258B}"
EndProject
Project("{FAE04EC0-301F-11D3-BF4B-00C04F79EFBC}") = "Itadakimasu.Core.DAL", "Itadakimasu.Core.DAL\Itadakimasu.Core.DAL.csproj", "{3D22F60B-7981-4C60-B46D-D45FA8D72589}"
EndProject
Project("{FAE04EC0-301F-11D3-BF4B-00C04F79EFBC}") = "Itadakimasu.Core.Protos", "Itadakimasu.Core.Protos\Itadakimasu.Core.Protos.csproj", "{FEEF172F-214C-4D57-AE56-DAB9B6C66ABD}"
EndProject
Global
	GlobalSection(SolutionConfigurationPlatforms) = preSolution
		Debug|Any CPU = Debug|Any CPU
		Release|Any CPU = Release|Any CPU
	EndGlobalSection
	GlobalSection(NestedProjects) = preSolution
		{A439F2FC-7F98-4482-9901-5963DDF9A7C5} = {98C17EB2-FB5A-47D5-8367-A59853801070}
		{C51D8A40-3705-4E10-BA32-0C0B3D57CA5C} = {A439F2FC-7F98-4482-9901-5963DDF9A7C5}
		{EBD07691-E730-49C4-8512-392633103069} = {A439F2FC-7F98-4482-9901-5963DDF9A7C5}
		{F4DEE727-6372-4DF6-B138-A711DEA0152F} = {E188CF4A-086F-4614-BC24-AE4FADF73720}
		{D1BC2542-33EB-4140-BE00-F03F49ED8302} = {0D4ECDC1-4073-4643-830B-F80608E7E283}
		{3D2E9B35-0017-413F-81CC-F3D53D86F9A4} = {0D4ECDC1-4073-4643-830B-F80608E7E283}
		{AABA5FEE-0488-4700-9DB8-C18617D29FAB} = {ED2AD933-D0BB-463C-99DF-96F1E446861A}
		{FD8D97C0-711D-465C-9AA3-97A7A699771C} = {ED2AD933-D0BB-463C-99DF-96F1E446861A}
		{C0ECD71F-BB14-4A73-A11A-73B4F7279E0E} = {ED2AD933-D0BB-463C-99DF-96F1E446861A}
		{FA229B16-7A6D-41C4-A5C1-E5F1CC326799} = {D1BC2542-33EB-4140-BE00-F03F49ED8302}
		{A6138CEF-0F0D-4D6A-82E2-1B03C64A1D23} = {D1BC2542-33EB-4140-BE00-F03F49ED8302}
		{BE443D73-2D1B-4E4C-817F-267F3574CE9E} = {D1BC2542-33EB-4140-BE00-F03F49ED8302}
		{0F742C4C-83C3-4DF2-B353-E54769F37B01} = {3D2E9B35-0017-413F-81CC-F3D53D86F9A4}
		{E9A13E43-0D39-4DE4-8B36-F8A011CDB3CE} = {3D2E9B35-0017-413F-81CC-F3D53D86F9A4}
		{23618EF2-34E4-475F-B0E2-24CCBEDF0354} = {3D2E9B35-0017-413F-81CC-F3D53D86F9A4}
		{3F4DD7AB-5583-47C8-AA3B-8B4B90E9BF4B} = {3D2E9B35-0017-413F-81CC-F3D53D86F9A4}
		{3D22F60B-7981-4C60-B46D-D45FA8D72589} = {ABDE7931-1C9D-41E0-9BDB-B3105267258B}
		{FEEF172F-214C-4D57-AE56-DAB9B6C66ABD} = {ABDE7931-1C9D-41E0-9BDB-B3105267258B}
	EndGlobalSection
	GlobalSection(ProjectConfigurationPlatforms) = postSolution
		{C51D8A40-3705-4E10-BA32-0C0B3D57CA5C}.Debug|Any CPU.ActiveCfg = Debug|Any CPU
		{C51D8A40-3705-4E10-BA32-0C0B3D57CA5C}.Debug|Any CPU.Build.0 = Debug|Any CPU
		{C51D8A40-3705-4E10-BA32-0C0B3D57CA5C}.Release|Any CPU.ActiveCfg = Release|Any CPU
		{C51D8A40-3705-4E10-BA32-0C0B3D57CA5C}.Release|Any CPU.Build.0 = Release|Any CPU
		{EBD07691-E730-49C4-8512-392633103069}.Debug|Any CPU.ActiveCfg = Debug|Any CPU
		{EBD07691-E730-49C4-8512-392633103069}.Debug|Any CPU.Build.0 = Debug|Any CPU
		{EBD07691-E730-49C4-8512-392633103069}.Release|Any CPU.ActiveCfg = Release|Any CPU
		{EBD07691-E730-49C4-8512-392633103069}.Release|Any CPU.Build.0 = Release|Any CPU
		{F4DEE727-6372-4DF6-B138-A711DEA0152F}.Debug|Any CPU.ActiveCfg = Debug|Any CPU
		{F4DEE727-6372-4DF6-B138-A711DEA0152F}.Debug|Any CPU.Build.0 = Debug|Any CPU
		{F4DEE727-6372-4DF6-B138-A711DEA0152F}.Release|Any CPU.ActiveCfg = Release|Any CPU
		{F4DEE727-6372-4DF6-B138-A711DEA0152F}.Release|Any CPU.Build.0 = Release|Any CPU
		{AABA5FEE-0488-4700-9DB8-C18617D29FAB}.Debug|Any CPU.ActiveCfg = Debug|Any CPU
		{AABA5FEE-0488-4700-9DB8-C18617D29FAB}.Debug|Any CPU.Build.0 = Debug|Any CPU
		{AABA5FEE-0488-4700-9DB8-C18617D29FAB}.Release|Any CPU.ActiveCfg = Release|Any CPU
		{AABA5FEE-0488-4700-9DB8-C18617D29FAB}.Release|Any CPU.Build.0 = Release|Any CPU
		{FD8D97C0-711D-465C-9AA3-97A7A699771C}.Debug|Any CPU.ActiveCfg = Debug|Any CPU
		{FD8D97C0-711D-465C-9AA3-97A7A699771C}.Debug|Any CPU.Build.0 = Debug|Any CPU
		{FD8D97C0-711D-465C-9AA3-97A7A699771C}.Release|Any CPU.ActiveCfg = Release|Any CPU
		{FD8D97C0-711D-465C-9AA3-97A7A699771C}.Release|Any CPU.Build.0 = Release|Any CPU
		{C0ECD71F-BB14-4A73-A11A-73B4F7279E0E}.Debug|Any CPU.ActiveCfg = Debug|Any CPU
		{C0ECD71F-BB14-4A73-A11A-73B4F7279E0E}.Debug|Any CPU.Build.0 = Debug|Any CPU
		{C0ECD71F-BB14-4A73-A11A-73B4F7279E0E}.Release|Any CPU.ActiveCfg = Release|Any CPU
		{C0ECD71F-BB14-4A73-A11A-73B4F7279E0E}.Release|Any CPU.Build.0 = Release|Any CPU
		{FA229B16-7A6D-41C4-A5C1-E5F1CC326799}.Debug|Any CPU.ActiveCfg = Debug|Any CPU
		{FA229B16-7A6D-41C4-A5C1-E5F1CC326799}.Debug|Any CPU.Build.0 = Debug|Any CPU
		{FA229B16-7A6D-41C4-A5C1-E5F1CC326799}.Release|Any CPU.ActiveCfg = Release|Any CPU
		{FA229B16-7A6D-41C4-A5C1-E5F1CC326799}.Release|Any CPU.Build.0 = Release|Any CPU
		{A6138CEF-0F0D-4D6A-82E2-1B03C64A1D23}.Debug|Any CPU.ActiveCfg = Debug|Any CPU
		{A6138CEF-0F0D-4D6A-82E2-1B03C64A1D23}.Debug|Any CPU.Build.0 = Debug|Any CPU
		{A6138CEF-0F0D-4D6A-82E2-1B03C64A1D23}.Release|Any CPU.ActiveCfg = Release|Any CPU
		{A6138CEF-0F0D-4D6A-82E2-1B03C64A1D23}.Release|Any CPU.Build.0 = Release|Any CPU
		{BE443D73-2D1B-4E4C-817F-267F3574CE9E}.Debug|Any CPU.ActiveCfg = Debug|Any CPU
		{BE443D73-2D1B-4E4C-817F-267F3574CE9E}.Debug|Any CPU.Build.0 = Debug|Any CPU
		{BE443D73-2D1B-4E4C-817F-267F3574CE9E}.Release|Any CPU.ActiveCfg = Release|Any CPU
		{BE443D73-2D1B-4E4C-817F-267F3574CE9E}.Release|Any CPU.Build.0 = Release|Any CPU
		{0F742C4C-83C3-4DF2-B353-E54769F37B01}.Debug|Any CPU.ActiveCfg = Debug|Any CPU
		{0F742C4C-83C3-4DF2-B353-E54769F37B01}.Debug|Any CPU.Build.0 = Debug|Any CPU
		{0F742C4C-83C3-4DF2-B353-E54769F37B01}.Release|Any CPU.ActiveCfg = Release|Any CPU
		{0F742C4C-83C3-4DF2-B353-E54769F37B01}.Release|Any CPU.Build.0 = Release|Any CPU
		{E9A13E43-0D39-4DE4-8B36-F8A011CDB3CE}.Debug|Any CPU.ActiveCfg = Debug|Any CPU
		{E9A13E43-0D39-4DE4-8B36-F8A011CDB3CE}.Debug|Any CPU.Build.0 = Debug|Any CPU
		{E9A13E43-0D39-4DE4-8B36-F8A011CDB3CE}.Release|Any CPU.ActiveCfg = Release|Any CPU
		{E9A13E43-0D39-4DE4-8B36-F8A011CDB3CE}.Release|Any CPU.Build.0 = Release|Any CPU
		{23618EF2-34E4-475F-B0E2-24CCBEDF0354}.Debug|Any CPU.ActiveCfg = Debug|Any CPU
		{23618EF2-34E4-475F-B0E2-24CCBEDF0354}.Debug|Any CPU.Build.0 = Debug|Any CPU
		{23618EF2-34E4-475F-B0E2-24CCBEDF0354}.Release|Any CPU.ActiveCfg = Release|Any CPU
		{23618EF2-34E4-475F-B0E2-24CCBEDF0354}.Release|Any CPU.Build.0 = Release|Any CPU
		{3F4DD7AB-5583-47C8-AA3B-8B4B90E9BF4B}.Debug|Any CPU.ActiveCfg = Debug|Any CPU
		{3F4DD7AB-5583-47C8-AA3B-8B4B90E9BF4B}.Debug|Any CPU.Build.0 = Debug|Any CPU
		{3F4DD7AB-5583-47C8-AA3B-8B4B90E9BF4B}.Release|Any CPU.ActiveCfg = Release|Any CPU
		{3F4DD7AB-5583-47C8-AA3B-8B4B90E9BF4B}.Release|Any CPU.Build.0 = Release|Any CPU
		{3D22F60B-7981-4C60-B46D-D45FA8D72589}.Debug|Any CPU.ActiveCfg = Debug|Any CPU
		{3D22F60B-7981-4C60-B46D-D45FA8D72589}.Debug|Any CPU.Build.0 = Debug|Any CPU
		{3D22F60B-7981-4C60-B46D-D45FA8D72589}.Release|Any CPU.ActiveCfg = Release|Any CPU
		{3D22F60B-7981-4C60-B46D-D45FA8D72589}.Release|Any CPU.Build.0 = Release|Any CPU
		{FEEF172F-214C-4D57-AE56-DAB9B6C66ABD}.Debug|Any CPU.ActiveCfg = Debug|Any CPU
		{FEEF172F-214C-4D57-AE56-DAB9B6C66ABD}.Debug|Any CPU.Build.0 = Debug|Any CPU
		{FEEF172F-214C-4D57-AE56-DAB9B6C66ABD}.Release|Any CPU.ActiveCfg = Release|Any CPU
		{FEEF172F-214C-4D57-AE56-DAB9B6C66ABD}.Release|Any CPU.Build.0 = Release|Any CPU
	EndGlobalSection
EndGlobal
